{
  "originHash" : "49e8e303e4b93437d244b26d15ad51610d42da11d788e86a88679dcaea6d35e1",
  "pins" : [
    {
      "identity" : "infinityscrollkit",
      "kind" : "remoteSourceControl",
      "location" : "https://github.com/PierreJanineh-com/InfinityScrollKit.git",
      "state" : {
        "revision" : "71c02447155413890bf22d11c484ea914efb2e76",
        "version" : "1.0.6"
      }
    }
  ],
  "version" : 3
}
