{
  "originHash" : "55db1dd7471597d31498f598948a1174cf9efafd7946ae1bfc7472d9c22274b7",
  "pins" : [
    {
      "identity" : "infinityscrollkit",
      "kind" : "remoteSourceControl",
      "location" : "https://github.com/PierreJanineh-com/InfinityScrollKit",
      "state" : {
        "revision" : "9105838047262dff0c2573bba3a7c40d93f10ff8",
        "version" : "1.0.2"
      }
    }
  ],
  "version" : 3
}
